{
  "name": "batter-up",
  "lockfileVersion": 3,
  "requires": true,
  "packages": {
    "": {
      "dependencies": {
        "mlb-stats-api": "^1.10.0"
      }
    },
    "node_modules/mlb-stats-api": {
      "version": "1.10.0",
      "resolved": "https://registry.npmjs.org/mlb-stats-api/-/mlb-stats-api-1.10.0.tgz",
      "integrity": "sha512-WaLZapXInWtifIpvS2xY8WYiK0vxLxeZaUKPPD+7iCaEy6QccVpPGo30k9VMb/X3IQio9Dxiiw1Z1IFumrVz5A=="
    }
  }
}
